{
  "originHash" : "4ec7987a429efd40c9ab131e69b836fcfbdad0f8c8b5ad8f1b435e9f30a7e40d",
  "pins" : [
    {
      "identity" : "ifixfloat",
      "kind" : "remoteSourceControl",
      "location" : "https://github.com/iShape-Swift/iFixFloat",
      "state" : {
        "revision" : "c5c9a1fa50d8e6822a5ac8cd1385bc21196cb1bb",
        "version" : "1.9.0"
      }
    },
    {
      "identity" : "ioverlay",
      "kind" : "remoteSourceControl",
      "location" : "https://github.com/iShape-Swift/iOverlay",
      "state" : {
        "revision" : "6a505d514485f7c0d059492e0386d668123441af",
        "version" : "1.22.0"
      }
    },
    {
      "identity" : "ishape",
      "kind" : "remoteSourceControl",
      "location" : "https://github.com/iShape-Swift/iShape",
      "state" : {
        "revision" : "5093a243acb8bad08545a74165bd82aa84fda313",
        "version" : "1.13.0"
      }
    },
    {
      "identity" : "itree",
      "kind" : "remoteSourceControl",
      "location" : "https://github.com/iShape-Swift/iTree",
      "state" : {
        "revision" : "e0c99fc3fceb69d8d5b05766202d64af1e670bbf",
        "version" : "0.5.0"
      }
    },
    {
      "identity" : "nodal",
      "kind" : "remoteSourceControl",
      "location" : "https://github.com/tomasf/Nodal.git",
      "state" : {
        "revision" : "0ec74822bcf604f2e20d445e1e62e5e87abf8a3f",
        "version" : "1.0.2"
      }
    },
    {
      "identity" : "occtswift",
      "kind" : "remoteSourceControl",
      "location" : "https://github.com/SecondMouseAU/OCCTSwift.git",
      "state" : {
        "revision" : "0c9f9274e4ff2a4fd422291a45b3560161dbbe64",
        "version" : "3.0.0"
      }
    },
    {
      "identity" : "occtswiftio",
      "kind" : "remoteSourceControl",
      "location" : "https://github.com/SecondMouseAU/OCCTSwiftIO.git",
      "state" : {
        "branch" : "main",
        "revision" : "5a9b50f28aa0737075ef2db13f80bdb85f186036"
      }
    },
    {
      "identity" : "occtswifttools",
      "kind" : "remoteSourceControl",
      "location" : "https://github.com/SecondMouseAU/OCCTSwiftTools.git",
      "state" : {
        "branch" : "main",
        "revision" : "0bb8512ea8561b8905013ec8dace4ba46691fb15"
      }
    },
    {
      "identity" : "occtswiftviewport",
      "kind" : "remoteSourceControl",
      "location" : "https://github.com/SecondMouseAU/OCCTSwiftViewport.git",
      "state" : {
        "branch" : "main",
        "revision" : "63263448df9b54447bb9bcbbd62aad809493ccef"
      }
    },
    {
      "identity" : "pocketsvg",
      "kind" : "remoteSourceControl",
      "location" : "https://github.com/pocketsvg/PocketSVG.git",
      "state" : {
        "revision" : "83c653699f5c7d7688f6ede73a78305319b96584",
        "version" : "3.2.0"
      }
    },
    {
      "identity" : "swiftdxf",
      "kind" : "remoteSourceControl",
      "location" : "https://github.com/SecondMouseAU/SwiftDXF.git",
      "state" : {
        "revision" : "8419e9aade961cc973bd642e0312e5cd173a87ae",
        "version" : "0.2.1"
      }
    },
    {
      "identity" : "swiftgltf",
      "kind" : "remoteSourceControl",
      "location" : "https://github.com/schwa/SwiftGLTF.git",
      "state" : {
        "revision" : "e17b478ca157733543a7cf9da370d34dbabc9236",
        "version" : "1.0.2"
      }
    },
    {
      "identity" : "swiftjww",
      "kind" : "remoteSourceControl",
      "location" : "https://github.com/SecondMouseAU/SwiftJWW.git",
      "state" : {
        "revision" : "f41e6be050545f43184a6708b03cb1e9e7be9e63",
        "version" : "1.2.2"
      }
    },
    {
      "identity" : "swiftpmx",
      "kind" : "remoteSourceControl",
      "location" : "https://github.com/SecondMouseAU/SwiftPMX.git",
      "state" : {
        "revision" : "c19be503b765c0fd385be5d04fda5699f858fad3",
        "version" : "1.1.1"
      }
    },
    {
      "identity" : "swiftx",
      "kind" : "remoteSourceControl",
      "location" : "https://github.com/SecondMouseAU/SwiftX.git",
      "state" : {
        "revision" : "34660dd6ecd1573a2c2419d6b0dea26b4ca1e617",
        "version" : "1.0.1"
      }
    },
    {
      "identity" : "threemf",
      "kind" : "remoteSourceControl",
      "location" : "https://github.com/tomasf/ThreeMF.git",
      "state" : {
        "revision" : "15765bd9e3859e2884385a79e6d2e34686b42fb1",
        "version" : "0.2.5"
      }
    },
    {
      "identity" : "zip",
      "kind" : "remoteSourceControl",
      "location" : "https://github.com/tomasf/Zip.git",
      "state" : {
        "revision" : "3a22aaf3f449ceded0354695af96967d1df4e5e0",
        "version" : "2.1.2"
      }
    }
  ],
  "version" : 3
}
