// !$*UTF8*$!
{
	archiveVersion = 1;
	classes = {
	};
	objectVersion = 77;
	objects = {

/* Begin PBXBuildFile section */
		5679E7B430389CC800B08A35 /* MeshIO in Frameworks */ = {isa = PBXBuildFile; productRef = 5679E7B330389CC800B08A35 /* MeshIO */; };
		5679E7B630389CC800B08A35 /* OCCTSwiftIO in Frameworks */ = {isa = PBXBuildFile; productRef = 5679E7B530389CC800B08A35 /* OCCTSwiftIO */; };
		5679E7B930389D8B00B08A35 /* OCCTSwiftViewport in Frameworks */ = {isa = PBXBuildFile; productRef = 5679E7B830389D8B00B08A35 /* OCCTSwiftViewport */; };
		5679E7BC30389DE400B08A35 /* OCCTSwiftTools in Frameworks */ = {isa = PBXBuildFile; productRef = 5679E7BB30389DE400B08A35 /* OCCTSwiftTools */; };
		5679E83F303C292E00B08A35 /* PocketSVG in Frameworks */ = {isa = PBXBuildFile; productRef = 5679E83E303C292E00B08A35 /* PocketSVG */; };
		56CEA0923035EC36008167CA /* OCCTSwift in Frameworks */ = {isa = PBXBuildFile; productRef = 56CEA0913035EC36008167CA /* OCCTSwift */; };
/* End PBXBuildFile section */

/* Begin PBXFileReference section */
		56CEA04D30356265008167CA /* Stratum CNC.app */ = {isa = PBXFileReference; explicitFileType = wrapper.application; includeInIndex = 0; path = "Stratum CNC.app"; sourceTree = BUILT_PRODUCTS_DIR; };
/* End PBXFileReference section */

/* Begin PBXFileSystemSynchronizedBuildFileExceptionSet section */
		56CEA0B130371425008167CA /* Exceptions for "Stratum CNC" folder in "Stratum CNC" target */ = {
			isa = PBXFileSystemSynchronizedBuildFileExceptionSet;
			membershipExceptions = (
				cam/GCodeGen.swift,
				"controller/gcode/float4x4+ext.swift",
			);
			target = 56CEA04C30356265008167CA /* Stratum CNC */;
		};
/* End PBXFileSystemSynchronizedBuildFileExceptionSet section */

/* Begin PBXFileSystemSynchronizedGroupBuildPhaseMembershipExceptionSet section */
		56CEA0B230371425008167CA /* Exceptions for "Stratum CNC" folder in "Copy Bundle Resources" phase from "Stratum CNC" target */ = {
			isa = PBXFileSystemSynchronizedGroupBuildPhaseMembershipExceptionSet;
			buildPhase = 56CEA04B30356265008167CA /* Resources */;
			membershipExceptions = (
				cam/GCodeGen.swift,
				"controller/gcode/float4x4+ext.swift",
			);
		};
/* End PBXFileSystemSynchronizedGroupBuildPhaseMembershipExceptionSet section */

/* Begin PBXFileSystemSynchronizedRootGroup section */
		56CEA04F30356265008167CA /* Stratum CNC */ = {
			isa = PBXFileSystemSynchronizedRootGroup;
			exceptions = (
				56CEA0B130371425008167CA /* Exceptions for "Stratum CNC" folder in "Stratum CNC" target */,
				56CEA0B230371425008167CA /* Exceptions for "Stratum CNC" folder in "Copy Bundle Resources" phase from "Stratum CNC" target */,
			);
			path = "Stratum CNC";
			sourceTree = "<group>";
		};
/* End PBXFileSystemSynchronizedRootGroup section */

/* Begin PBXFrameworksBuildPhase section */
		56CEA04A30356265008167CA /* Frameworks */ = {
			isa = PBXFrameworksBuildPhase;
			buildActionMask = 2147483647;
			files = (
				56CEA0923035EC36008167CA /* OCCTSwift in Frameworks */,
				5679E7B430389CC800B08A35 /* MeshIO in Frameworks */,
				5679E7BC30389DE400B08A35 /* OCCTSwiftTools in Frameworks */,
				5679E83F303C292E00B08A35 /* PocketSVG in Frameworks */,
				5679E7B630389CC800B08A35 /* OCCTSwiftIO in Frameworks */,
				5679E7B930389D8B00B08A35 /* OCCTSwiftViewport in Frameworks */,
			);
			runOnlyForDeploymentPostprocessing = 0;
		};
/* End PBXFrameworksBuildPhase section */

/* Begin PBXGroup section */
		56CEA04430356265008167CA = {
			isa = PBXGroup;
			children = (
				56CEA04F30356265008167CA /* Stratum CNC */,
				56CEA04E30356265008167CA /* Products */,
			);
			sourceTree = "<group>";
		};
		56CEA04E30356265008167CA /* Products */ = {
			isa = PBXGroup;
			children = (
				56CEA04D30356265008167CA /* Stratum CNC.app */,
			);
			name = Products;
			sourceTree = "<group>";
		};
/* End PBXGroup section */

/* Begin PBXNativeTarget section */
		56CEA04C30356265008167CA /* Stratum CNC */ = {
			isa = PBXNativeTarget;
			buildConfigurationList = 56CEA05930356266008167CA /* Build configuration list for PBXNativeTarget "Stratum CNC" */;
			buildPhases = (
				56CEA04930356265008167CA /* Sources */,
				56CEA04A30356265008167CA /* Frameworks */,
				56CEA04B30356265008167CA /* Resources */,
			);
			buildRules = (
			);
			dependencies = (
			);
			fileSystemSynchronizedGroups = (
				56CEA04F30356265008167CA /* Stratum CNC */,
			);
			name = "Stratum CNC";
			packageProductDependencies = (
				56CEA0913035EC36008167CA /* OCCTSwift */,
				5679E7B330389CC800B08A35 /* MeshIO */,
				5679E7B530389CC800B08A35 /* OCCTSwiftIO */,
				5679E7B830389D8B00B08A35 /* OCCTSwiftViewport */,
				5679E7BB30389DE400B08A35 /* OCCTSwiftTools */,
				5679E83E303C292E00B08A35 /* PocketSVG */,
			);
			productName = "MakeraStudio Lite";
			productReference = 56CEA04D30356265008167CA /* Stratum CNC.app */;
			productType = "com.apple.product-type.application";
		};
/* End PBXNativeTarget section */

/* Begin PBXProject section */
		56CEA04530356265008167CA /* Project object */ = {
			isa = PBXProject;
			attributes = {
				BuildIndependentTargetsInParallel = 1;
				LastSwiftUpdateCheck = 1640;
				LastUpgradeCheck = 1640;
				TargetAttributes = {
					56CEA04C30356265008167CA = {
						CreatedOnToolsVersion = 16.4;
						LastSwiftMigration = 1640;
					};
				};
			};
			buildConfigurationList = 56CEA04830356265008167CA /* Build configuration list for PBXProject "Stratum CNC" */;
			developmentRegion = en;
			hasScannedForEncodings = 0;
			knownRegions = (
				en,
				Base,
			);
			mainGroup = 56CEA04430356265008167CA;
			minimizedProjectReferenceProxies = 1;
			packageReferences = (
				56CEA0903035EC36008167CA /* XCRemoteSwiftPackageReference "OCCTSwift" */,
				5679E7B230389CC800B08A35 /* XCRemoteSwiftPackageReference "OCCTSwiftIO" */,
				5679E7B730389D8B00B08A35 /* XCRemoteSwiftPackageReference "OCCTSwiftViewport" */,
				5679E7BA30389DE400B08A35 /* XCRemoteSwiftPackageReference "OCCTSwiftTools" */,
				5679E83D303C292E00B08A35 /* XCRemoteSwiftPackageReference "PocketSVG" */,
			);
			preferredProjectObjectVersion = 77;
			productRefGroup = 56CEA04E30356265008167CA /* Products */;
			projectDirPath = "";
			projectRoot = "";
			targets = (
				56CEA04C30356265008167CA /* Stratum CNC */,
			);
		};
/* End PBXProject section */

/* Begin PBXResourcesBuildPhase section */
		56CEA04B30356265008167CA /* Resources */ = {
			isa = PBXResourcesBuildPhase;
			buildActionMask = 2147483647;
			files = (
			);
			runOnlyForDeploymentPostprocessing = 0;
		};
/* End PBXResourcesBuildPhase section */

/* Begin PBXSourcesBuildPhase section */
		56CEA04930356265008167CA /* Sources */ = {
			isa = PBXSourcesBuildPhase;
			buildActionMask = 2147483647;
			files = (
			);
			runOnlyForDeploymentPostprocessing = 0;
		};
/* End PBXSourcesBuildPhase section */

/* Begin XCBuildConfiguration section */
		56CEA05730356266008167CA /* Debug */ = {
			isa = XCBuildConfiguration;
			buildSettings = {
				ALWAYS_SEARCH_USER_PATHS = NO;
				ASSETCATALOG_COMPILER_GENERATE_SWIFT_ASSET_SYMBOL_EXTENSIONS = YES;
				CLANG_ANALYZER_NONNULL = YES;
				CLANG_ANALYZER_NUMBER_OBJECT_CONVERSION = YES_AGGRESSIVE;
				CLANG_CXX_LANGUAGE_STANDARD = "gnu++20";
				CLANG_ENABLE_MODULES = YES;
				CLANG_ENABLE_OBJC_ARC = YES;
				CLANG_ENABLE_OBJC_WEAK = YES;
				CLANG_WARN_BLOCK_CAPTURE_AUTORELEASING = YES;
				CLANG_WARN_BOOL_CONVERSION = YES;
				CLANG_WARN_COMMA = YES;
				CLANG_WARN_CONSTANT_CONVERSION = YES;
				CLANG_WARN_DEPRECATED_OBJC_IMPLEMENTATIONS = YES;
				CLANG_WARN_DIRECT_OBJC_ISA_USAGE = YES_ERROR;
				CLANG_WARN_DOCUMENTATION_COMMENTS = YES;
				CLANG_WARN_EMPTY_BODY = YES;
				CLANG_WARN_ENUM_CONVERSION = YES;
				CLANG_WARN_INFINITE_RECURSION = YES;
				CLANG_WARN_INT_CONVERSION = YES;
				CLANG_WARN_NON_LITERAL_NULL_CONVERSION = YES;
				CLANG_WARN_OBJC_IMPLICIT_RETAIN_SELF = YES;
				CLANG_WARN_OBJC_LITERAL_CONVERSION = YES;
				CLANG_WARN_OBJC_ROOT_CLASS = YES_ERROR;
				CLANG_WARN_QUOTED_INCLUDE_IN_FRAMEWORK_HEADER = YES;
				CLANG_WARN_RANGE_LOOP_ANALYSIS = YES;
				CLANG_WARN_STRICT_PROTOTYPES = YES;
				CLANG_WARN_SUSPICIOUS_MOVE = YES;
				CLANG_WARN_UNGUARDED_AVAILABILITY = YES_AGGRESSIVE;
				CLANG_WARN_UNREACHABLE_CODE = YES;
				CLANG_WARN__DUPLICATE_METHOD_MATCH = YES;
				COPY_PHASE_STRIP = NO;
				DEBUG_INFORMATION_FORMAT = dwarf;
				DEVELOPMENT_TEAM = 5NHDC5EV44;
				ENABLE_STRICT_OBJC_MSGSEND = YES;
				ENABLE_TESTABILITY = YES;
				ENABLE_USER_SCRIPT_SANDBOXING = YES;
				GCC_C_LANGUAGE_STANDARD = gnu17;
				GCC_DYNAMIC_NO_PIC = NO;
				GCC_NO_COMMON_BLOCKS = YES;
				GCC_OPTIMIZATION_LEVEL = 0;
				GCC_PREPROCESSOR_DEFINITIONS = (
					"DEBUG=1",
					"$(inherited)",
				);
				GCC_WARN_64_TO_32_BIT_CONVERSION = YES;
				GCC_WARN_ABOUT_RETURN_TYPE = YES_ERROR;
				GCC_WARN_UNDECLARED_SELECTOR = YES;
				GCC_WARN_UNINITIALIZED_AUTOS = YES_AGGRESSIVE;
				GCC_WARN_UNUSED_FUNCTION = YES;
				GCC_WARN_UNUSED_VARIABLE = YES;
				LOCALIZATION_PREFERS_STRING_CATALOGS = YES;
				MTL_ENABLE_DEBUG_INFO = INCLUDE_SOURCE;
				MTL_FAST_MATH = YES;
				ONLY_ACTIVE_ARCH = YES;
				SWIFT_ACTIVE_COMPILATION_CONDITIONS = "DEBUG $(inherited)";
				SWIFT_OPTIMIZATION_LEVEL = "-Onone";
			};
			name = Debug;
		};
		56CEA05830356266008167CA /* Release */ = {
			isa = XCBuildConfiguration;
			buildSettings = {
				ALWAYS_SEARCH_USER_PATHS = NO;
				ASSETCATALOG_COMPILER_GENERATE_SWIFT_ASSET_SYMBOL_EXTENSIONS = YES;
				CLANG_ANALYZER_NONNULL = YES;
				CLANG_ANALYZER_NUMBER_OBJECT_CONVERSION = YES_AGGRESSIVE;
				CLANG_CXX_LANGUAGE_STANDARD = "gnu++20";
				CLANG_ENABLE_MODULES = YES;
				CLANG_ENABLE_OBJC_ARC = YES;
				CLANG_ENABLE_OBJC_WEAK = YES;
				CLANG_WARN_BLOCK_CAPTURE_AUTORELEASING = YES;
				CLANG_WARN_BOOL_CONVERSION = YES;
				CLANG_WARN_COMMA = YES;
				CLANG_WARN_CONSTANT_CONVERSION = YES;
				CLANG_WARN_DEPRECATED_OBJC_IMPLEMENTATIONS = YES;
				CLANG_WARN_DIRECT_OBJC_ISA_USAGE = YES_ERROR;
				CLANG_WARN_DOCUMENTATION_COMMENTS = YES;
				CLANG_WARN_EMPTY_BODY = YES;
				CLANG_WARN_ENUM_CONVERSION = YES;
				CLANG_WARN_INFINITE_RECURSION = YES;
				CLANG_WARN_INT_CONVERSION = YES;
				CLANG_WARN_NON_LITERAL_NULL_CONVERSION = YES;
				CLANG_WARN_OBJC_IMPLICIT_RETAIN_SELF = YES;
				CLANG_WARN_OBJC_LITERAL_CONVERSION = YES;
				CLANG_WARN_OBJC_ROOT_CLASS = YES_ERROR;
				CLANG_WARN_QUOTED_INCLUDE_IN_FRAMEWORK_HEADER = YES;
				CLANG_WARN_RANGE_LOOP_ANALYSIS = YES;
				CLANG_WARN_STRICT_PROTOTYPES = YES;
				CLANG_WARN_SUSPICIOUS_MOVE = YES;
				CLANG_WARN_UNGUARDED_AVAILABILITY = YES_AGGRESSIVE;
				CLANG_WARN_UNREACHABLE_CODE = YES;
				CLANG_WARN__DUPLICATE_METHOD_MATCH = YES;
				COPY_PHASE_STRIP = NO;
				DEBUG_INFORMATION_FORMAT = "dwarf-with-dsym";
				DEVELOPMENT_TEAM = 5NHDC5EV44;
				ENABLE_NS_ASSERTIONS = NO;
				ENABLE_STRICT_OBJC_MSGSEND = YES;
				ENABLE_USER_SCRIPT_SANDBOXING = YES;
				GCC_C_LANGUAGE_STANDARD = gnu17;
				GCC_NO_COMMON_BLOCKS = YES;
				GCC_WARN_64_TO_32_BIT_CONVERSION = YES;
				GCC_WARN_ABOUT_RETURN_TYPE = YES_ERROR;
				GCC_WARN_UNDECLARED_SELECTOR = YES;
				GCC_WARN_UNINITIALIZED_AUTOS = YES_AGGRESSIVE;
				GCC_WARN_UNUSED_FUNCTION = YES;
				GCC_WARN_UNUSED_VARIABLE = YES;
				LOCALIZATION_PREFERS_STRING_CATALOGS = YES;
				MTL_ENABLE_DEBUG_INFO = NO;
				MTL_FAST_MATH = YES;
				SWIFT_COMPILATION_MODE = wholemodule;
			};
			name = Release;
		};
		56CEA05A30356266008167CA /* Debug */ = {
			isa = XCBuildConfiguration;
			buildSettings = {
				ASSETCATALOG_COMPILER_APPICON_NAME = AppIcon;
				ASSETCATALOG_COMPILER_GLOBAL_ACCENT_COLOR_NAME = AccentColor;
				CLANG_ENABLE_MODULES = YES;
				CODE_SIGN_ENTITLEMENTS = "Stratum CNC/Stratum-CNC.entitlements";
				CODE_SIGN_STYLE = Automatic;
				CURRENT_PROJECT_VERSION = 1;
				DEVELOPMENT_TEAM = 5NHDC5EV44;
				ENABLE_HARDENED_RUNTIME = YES;
				ENABLE_PREVIEWS = YES;
				GENERATE_INFOPLIST_FILE = YES;
				INFOPLIST_KEY_LSApplicationCategoryType = "public.app-category.productivity";
				INFOPLIST_KEY_NSLocalNetworkUsageDescription = "Stratum CNC needs local network access to find and control your Makera CNC machine.";
				"INFOPLIST_KEY_UIApplicationSceneManifest_Generation[sdk=iphoneos*]" = YES;
				"INFOPLIST_KEY_UIApplicationSceneManifest_Generation[sdk=iphonesimulator*]" = YES;
				"INFOPLIST_KEY_UIApplicationSupportsIndirectInputEvents[sdk=iphoneos*]" = YES;
				"INFOPLIST_KEY_UIApplicationSupportsIndirectInputEvents[sdk=iphonesimulator*]" = YES;
				"INFOPLIST_KEY_UILaunchScreen_Generation[sdk=iphoneos*]" = YES;
				"INFOPLIST_KEY_UILaunchScreen_Generation[sdk=iphonesimulator*]" = YES;
				"INFOPLIST_KEY_UIStatusBarStyle[sdk=iphoneos*]" = UIStatusBarStyleDefault;
				"INFOPLIST_KEY_UIStatusBarStyle[sdk=iphonesimulator*]" = UIStatusBarStyleDefault;
				INFOPLIST_KEY_UISupportedInterfaceOrientations_iPad = "UIInterfaceOrientationPortrait UIInterfaceOrientationPortraitUpsideDown UIInterfaceOrientationLandscapeLeft UIInterfaceOrientationLandscapeRight";
				INFOPLIST_KEY_UISupportedInterfaceOrientations_iPhone = "UIInterfaceOrientationPortrait UIInterfaceOrientationLandscapeLeft UIInterfaceOrientationLandscapeRight";
				IPHONEOS_DEPLOYMENT_TARGET = 16.6;
				LD_RUNPATH_SEARCH_PATHS = "@executable_path/Frameworks";
				"LD_RUNPATH_SEARCH_PATHS[sdk=macosx*]" = "@executable_path/../Frameworks";
				MACOSX_DEPLOYMENT_TARGET = 15.0;
				MARKETING_VERSION = 1.0;
				PRODUCT_BUNDLE_IDENTIFIER = "ro.imagin.stratum-cnc";
				PRODUCT_NAME = "$(TARGET_NAME)";
				REGISTER_APP_GROUPS = YES;
				SDKROOT = auto;
				SUPPORTED_PLATFORMS = "iphoneos iphonesimulator macosx";
				SUPPORTS_MACCATALYST = NO;
				SWIFT_EMIT_LOC_STRINGS = YES;
				SWIFT_OPTIMIZATION_LEVEL = "-Onone";
				SWIFT_VERSION = 6.0;
				TARGETED_DEVICE_FAMILY = "1,2,7";
				XROS_DEPLOYMENT_TARGET = 2.5;
			};
			name = Debug;
		};
		56CEA05B30356266008167CA /* Release */ = {
			isa = XCBuildConfiguration;
			buildSettings = {
				ASSETCATALOG_COMPILER_APPICON_NAME = AppIcon;
				ASSETCATALOG_COMPILER_GLOBAL_ACCENT_COLOR_NAME = AccentColor;
				CLANG_ENABLE_MODULES = YES;
				CODE_SIGN_ENTITLEMENTS = "Stratum CNC/Stratum-CNC.entitlements";
				CODE_SIGN_STYLE = Automatic;
				CURRENT_PROJECT_VERSION = 1;
				DEVELOPMENT_TEAM = 5NHDC5EV44;
				ENABLE_HARDENED_RUNTIME = YES;
				ENABLE_PREVIEWS = YES;
				GENERATE_INFOPLIST_FILE = YES;
				INFOPLIST_KEY_LSApplicationCategoryType = "public.app-category.productivity";
				INFOPLIST_KEY_NSLocalNetworkUsageDescription = "Stratum CNC needs local network access to find and control your Makera CNC machine.";
				"INFOPLIST_KEY_UIApplicationSceneManifest_Generation[sdk=iphoneos*]" = YES;
				"INFOPLIST_KEY_UIApplicationSceneManifest_Generation[sdk=iphonesimulator*]" = YES;
				"INFOPLIST_KEY_UIApplicationSupportsIndirectInputEvents[sdk=iphoneos*]" = YES;
				"INFOPLIST_KEY_UIApplicationSupportsIndirectInputEvents[sdk=iphonesimulator*]" = YES;
				"INFOPLIST_KEY_UILaunchScreen_Generation[sdk=iphoneos*]" = YES;
				"INFOPLIST_KEY_UILaunchScreen_Generation[sdk=iphonesimulator*]" = YES;
				"INFOPLIST_KEY_UIStatusBarStyle[sdk=iphoneos*]" = UIStatusBarStyleDefault;
				"INFOPLIST_KEY_UIStatusBarStyle[sdk=iphonesimulator*]" = UIStatusBarStyleDefault;
				INFOPLIST_KEY_UISupportedInterfaceOrientations_iPad = "UIInterfaceOrientationPortrait UIInterfaceOrientationPortraitUpsideDown UIInterfaceOrientationLandscapeLeft UIInterfaceOrientationLandscapeRight";
				INFOPLIST_KEY_UISupportedInterfaceOrientations_iPhone = "UIInterfaceOrientationPortrait UIInterfaceOrientationLandscapeLeft UIInterfaceOrientationLandscapeRight";
				IPHONEOS_DEPLOYMENT_TARGET = 16.6;
				LD_RUNPATH_SEARCH_PATHS = "@executable_path/Frameworks";
				"LD_RUNPATH_SEARCH_PATHS[sdk=macosx*]" = "@executable_path/../Frameworks";
				MACOSX_DEPLOYMENT_TARGET = 15.0;
				MARKETING_VERSION = 1.0;
				PRODUCT_BUNDLE_IDENTIFIER = "ro.imagin.stratum-cnc";
				PRODUCT_NAME = "$(TARGET_NAME)";
				REGISTER_APP_GROUPS = YES;
				SDKROOT = auto;
				SUPPORTED_PLATFORMS = "iphoneos iphonesimulator macosx";
				SUPPORTS_MACCATALYST = NO;
				SWIFT_EMIT_LOC_STRINGS = YES;
				SWIFT_VERSION = 6.0;
				TARGETED_DEVICE_FAMILY = "1,2,7";
				XROS_DEPLOYMENT_TARGET = 2.5;
			};
			name = Release;
		};
/* End XCBuildConfiguration section */

/* Begin XCConfigurationList section */
		56CEA04830356265008167CA /* Build configuration list for PBXProject "Stratum CNC" */ = {
			isa = XCConfigurationList;
			buildConfigurations = (
				56CEA05730356266008167CA /* Debug */,
				56CEA05830356266008167CA /* Release */,
			);
			defaultConfigurationIsVisible = 0;
			defaultConfigurationName = Release;
		};
		56CEA05930356266008167CA /* Build configuration list for PBXNativeTarget "Stratum CNC" */ = {
			isa = XCConfigurationList;
			buildConfigurations = (
				56CEA05A30356266008167CA /* Debug */,
				56CEA05B30356266008167CA /* Release */,
			);
			defaultConfigurationIsVisible = 0;
			defaultConfigurationName = Release;
		};
/* End XCConfigurationList section */

/* Begin XCRemoteSwiftPackageReference section */
		5679E7B230389CC800B08A35 /* XCRemoteSwiftPackageReference "OCCTSwiftIO" */ = {
			isa = XCRemoteSwiftPackageReference;
			repositoryURL = "https://github.com/SecondMouseAU/OCCTSwiftIO.git";
			requirement = {
				branch = main;
				kind = branch;
			};
		};
		5679E7B730389D8B00B08A35 /* XCRemoteSwiftPackageReference "OCCTSwiftViewport" */ = {
			isa = XCRemoteSwiftPackageReference;
			repositoryURL = "https://github.com/SecondMouseAU/OCCTSwiftViewport.git";
			requirement = {
				branch = main;
				kind = branch;
			};
		};
		5679E7BA30389DE400B08A35 /* XCRemoteSwiftPackageReference "OCCTSwiftTools" */ = {
			isa = XCRemoteSwiftPackageReference;
			repositoryURL = "https://github.com/SecondMouseAU/OCCTSwiftTools.git";
			requirement = {
				branch = main;
				kind = branch;
			};
		};
		5679E83D303C292E00B08A35 /* XCRemoteSwiftPackageReference "PocketSVG" */ = {
			isa = XCRemoteSwiftPackageReference;
			repositoryURL = "https://github.com/pocketsvg/PocketSVG.git";
			requirement = {
				kind = upToNextMajorVersion;
				minimumVersion = 3.2.0;
			};
		};
		56CEA0903035EC36008167CA /* XCRemoteSwiftPackageReference "OCCTSwift" */ = {
			isa = XCRemoteSwiftPackageReference;
			repositoryURL = "https://github.com/SecondMouseAU/OCCTSwift.git";
			requirement = {
				kind = exactVersion;
				version = 3.0.0;
			};
		};
/* End XCRemoteSwiftPackageReference section */

/* Begin XCSwiftPackageProductDependency section */
		5679E7B330389CC800B08A35 /* MeshIO */ = {
			isa = XCSwiftPackageProductDependency;
			package = 5679E7B230389CC800B08A35 /* XCRemoteSwiftPackageReference "OCCTSwiftIO" */;
			productName = MeshIO;
		};
		5679E7B530389CC800B08A35 /* OCCTSwiftIO */ = {
			isa = XCSwiftPackageProductDependency;
			package = 5679E7B230389CC800B08A35 /* XCRemoteSwiftPackageReference "OCCTSwiftIO" */;
			productName = OCCTSwiftIO;
		};
		5679E7B830389D8B00B08A35 /* OCCTSwiftViewport */ = {
			isa = XCSwiftPackageProductDependency;
			package = 5679E7B730389D8B00B08A35 /* XCRemoteSwiftPackageReference "OCCTSwiftViewport" */;
			productName = OCCTSwiftViewport;
		};
		5679E7BB30389DE400B08A35 /* OCCTSwiftTools */ = {
			isa = XCSwiftPackageProductDependency;
			package = 5679E7BA30389DE400B08A35 /* XCRemoteSwiftPackageReference "OCCTSwiftTools" */;
			productName = OCCTSwiftTools;
		};
		5679E83E303C292E00B08A35 /* PocketSVG */ = {
			isa = XCSwiftPackageProductDependency;
			package = 5679E83D303C292E00B08A35 /* XCRemoteSwiftPackageReference "PocketSVG" */;
			productName = PocketSVG;
		};
		56CEA0913035EC36008167CA /* OCCTSwift */ = {
			isa = XCSwiftPackageProductDependency;
			package = 56CEA0903035EC36008167CA /* XCRemoteSwiftPackageReference "OCCTSwift" */;
			productName = OCCTSwift;
		};
/* End XCSwiftPackageProductDependency section */
	};
	rootObject = 56CEA04530356265008167CA /* Project object */;
}
